PODS:
  - InnovidAdRendererFramework (1.7.34)
  - SDWebImage (5.19.7):
    - SDWebImage/Core (= 5.19.7)
  - SDWebImage/Core (5.19.7)
  - TruexAdRenderer (3.15.2):
    - InnovidAdRendererFramework (~> 1.7.10)
    - SDWebImage (~> 5.19.2)

DEPENDENCIES:
  - TruexAdRenderer (= 3.15.2)

SPEC REPOS:
  https://github.com/Innovid/cocoapods-spec.git:
    - InnovidAdRendererFramework
  https://github.com/socialvibe/cocoapod-specs.git:
    - TruexAdRenderer
  trunk:
    - SDWebImage

SPEC CHECKSUMS:
  InnovidAdRendererFramework: d5632f2ba4e67dbe8bdab65ed9a0be14b7e24b31
  SDWebImage: 8a6b7b160b4d710e2a22b6900e25301075c34cb3
  TruexAdRenderer: 4cca1b5fbb28682f8aa4768b0e4f812fe68eac5a

PODFILE CHECKSUM: 12401f772108c22c6f64f86842fc1a1e4948409f

COCOAPODS: 1.15.2
